
Microsoft Visual Studio Solution File, Format Version 12.00
# Visual Studio Version 16
VisualStudioVersion = 16.0.29326.143
MinimumVisualStudioVersion = 10.0.40219.1
Project("{FAE04EC0-301F-11D3-BF4B-00C04F79EFBC}") = "proyectoRed", "proyectoRed\proyectoRed.csproj", "{24A53DC9-C00A-4F1E-99C1-5DAB8B0D1368}"
EndProject
Global
	GlobalSection(SolutionConfigurationPlatforms) = preSolution
		Debug|Any CPU = Debug|Any CPU
		Release|Any CPU = Release|Any CPU
	EndGlobalSection
	GlobalSection(ProjectConfigurationPlatforms) = postSolution
		{24A53DC9-C00A-4F1E-99C1-5DAB8B0D1368}.Debug|Any CPU.ActiveCfg = Debug|Any CPU
		{24A53DC9-C00A-4F1E-99C1-5DAB8B0D1368}.Debug|Any CPU.Build.0 = Debug|Any CPU
		{24A53DC9-C00A-4F1E-99C1-5DAB8B0D1368}.Release|Any CPU.ActiveCfg = Release|Any CPU
		{24A53DC9-C00A-4F1E-99C1-5DAB8B0D1368}.Release|Any CPU.Build.0 = Release|Any CPU
	EndGlobalSection
	GlobalSection(SolutionProperties) = preSolution
		HideSolutionNode = FALSE
	EndGlobalSection
	GlobalSection(ExtensibilityGlobals) = postSolution
		SolutionGuid = {6D596C55-36CE-4F8B-873D-F2F6BA2049B2}
	EndGlobalSection
EndGlobal
